# This file is generated by running "yarn install" inside your project.
# Manual changes might be lost - proceed with caution!

__metadata:
  version: 6
  cacheKey: 8

"@kogpsy/jspsych-staircase@npm:^1.1.2":
  version: 1.1.2
  resolution: "@kogpsy/jspsych-staircase@npm:1.1.2"
  checksum: e9ac901f467ad3a3b6532f6f9c5d292446c4ac9134464ae790b924b56e82df708ff40db95b51379040a553ed6d29c97a50a1bcf40bfa5d10afa585ad4d24ba63
  languageName: node
  linkType: hard

"test_prueba_variables@workspace:.":
  version: 0.0.0-use.local
  resolution: "test_prueba_variables@workspace:."
  dependencies:
    "@kogpsy/jspsych-staircase": ^1.1.2
  languageName: unknown
  linkType: soft
